// !$*UTF8*$!
{
	archiveVersion = 1;
	classes = {
	};
	objectVersion = 46;
	objects = {

/* Begin PBXBuildFile section */
		5AC17756D5FE8E04BA6816D2 /* ViewController.m in Sources */ = {isa = PBXBuildFile; fileRef = 5AC1778BC5A786E3A12654E5 /* ViewController.m */; };
		5AC178DA3FE406A7F373A7D4 /* LaunchScreen.storyboard in Resources */ = {isa = PBXBuildFile; fileRef = 5AC17696AC6F36C9CA05C700 /* LaunchScreen.storyboard */; };
		5AC179E23649081DE9CEFBA6 /* Assets.xcassets in Resources */ = {isa = PBXBuildFile; fileRef = 5AC17F47063DDB12F22EB087 /* Assets.xcassets */; };
		5AC17D08EC79084910A24403 /* AppDelegate.m in Sources */ = {isa = PBXBuildFile; fileRef = 5AC1706083C1A75330A4B980 /* AppDelegate.m */; };
		6414480C1D4ECE0500F6B6AB /* iCloud@2x.png in Resources */ = {isa = PBXBuildFile; fileRef = 6414480B1D4ECE0500F6B6AB /* iCloud@2x.png */; };
		6414480F1D4F176C00F6B6AB /* ThumbnailView.m in Sources */ = {isa = PBXBuildFile; fileRef = 6414480E1D4F176C00F6B6AB /* ThumbnailView.m */; };
		641448121D4F902700F6B6AB /* Test.m in Sources */ = {isa = PBXBuildFile; fileRef = 641448111D4F902700F6B6AB /* Test.m */; };
		641448151D4F996300F6B6AB /* ThumbnailRowView.m in Sources */ = {isa = PBXBuildFile; fileRef = 641448141D4F996300F6B6AB /* ThumbnailRowView.m */; };
		641448181D5031D900F6B6AB /* GridView.m in Sources */ = {isa = PBXBuildFile; fileRef = 641448171D5031D900F6B6AB /* GridView.m */; };
/* End PBXBuildFile section */

/* Begin PBXFileReference section */
		5AC1706083C1A75330A4B980 /* AppDelegate.m */ = {isa = PBXFileReference; fileEncoding = 4; lastKnownFileType = sourcecode.c.objc; path = AppDelegate.m; sourceTree = "<group>"; };
		5AC172067BA181B712C5009A /* OmegaPhoto.app */ = {isa = PBXFileReference; explicitFileType = wrapper.application; includeInIndex = 0; path = OmegaPhoto.app; sourceTree = BUILT_PRODUCTS_DIR; };
		5AC17393228B610742C07293 /* Info.plist */ = {isa = PBXFileReference; lastKnownFileType = text.plist.info; path = Info.plist; sourceTree = "<group>"; };
		5AC1778BC5A786E3A12654E5 /* ViewController.m */ = {isa = PBXFileReference; fileEncoding = 4; lastKnownFileType = sourcecode.c.objc; path = ViewController.m; sourceTree = "<group>"; };
		5AC17BD98D9DC38513045023 /* AppDelegate.h */ = {isa = PBXFileReference; fileEncoding = 4; lastKnownFileType = sourcecode.c.h; path = AppDelegate.h; sourceTree = "<group>"; };
		5AC17C3448809CAF3A9B0831 /* ViewController.h */ = {isa = PBXFileReference; fileEncoding = 4; lastKnownFileType = sourcecode.c.h; path = ViewController.h; sourceTree = "<group>"; };
		5AC17CF29C926928041417A8 /* Base */ = {isa = PBXFileReference; lastKnownFileType = file.storyboard; name = Base; path = Base.lproj/LaunchScreen.storyboard; sourceTree = "<group>"; };
		5AC17F47063DDB12F22EB087 /* Assets.xcassets */ = {isa = PBXFileReference; lastKnownFileType = folder.assetcatalog; path = Assets.xcassets; sourceTree = "<group>"; };
		6401F5D21D4C11B2008DF96C /* Precompile.pch */ = {isa = PBXFileReference; lastKnownFileType = sourcecode.c.h; path = Precompile.pch; sourceTree = "<group>"; };
		6414480B1D4ECE0500F6B6AB /* iCloud@2x.png */ = {isa = PBXFileReference; lastKnownFileType = image.png; path = "iCloud@2x.png"; sourceTree = "<group>"; };
		6414480D1D4F176C00F6B6AB /* ThumbnailView.h */ = {isa = PBXFileReference; fileEncoding = 4; lastKnownFileType = sourcecode.c.h; path = ThumbnailView.h; sourceTree = "<group>"; };
		6414480E1D4F176C00F6B6AB /* ThumbnailView.m */ = {isa = PBXFileReference; fileEncoding = 4; lastKnownFileType = sourcecode.c.objc; path = ThumbnailView.m; sourceTree = "<group>"; };
		641448101D4F902700F6B6AB /* Test.h */ = {isa = PBXFileReference; fileEncoding = 4; lastKnownFileType = sourcecode.c.h; path = Test.h; sourceTree = "<group>"; };
		641448111D4F902700F6B6AB /* Test.m */ = {isa = PBXFileReference; fileEncoding = 4; lastKnownFileType = sourcecode.c.objc; path = Test.m; sourceTree = "<group>"; };
		641448131D4F996300F6B6AB /* ThumbnailRowView.h */ = {isa = PBXFileReference; fileEncoding = 4; lastKnownFileType = sourcecode.c.h; path = ThumbnailRowView.h; sourceTree = "<group>"; };
		641448141D4F996300F6B6AB /* ThumbnailRowView.m */ = {isa = PBXFileReference; fileEncoding = 4; lastKnownFileType = sourcecode.c.objc; path = ThumbnailRowView.m; sourceTree = "<group>"; };
		641448161D5031D900F6B6AB /* GridView.h */ = {isa = PBXFileReference; fileEncoding = 4; lastKnownFileType = sourcecode.c.h; path = GridView.h; sourceTree = "<group>"; };
		641448171D5031D900F6B6AB /* GridView.m */ = {isa = PBXFileReference; fileEncoding = 4; lastKnownFileType = sourcecode.c.objc; path = GridView.m; sourceTree = "<group>"; };
/* End PBXFileReference section */

/* Begin PBXFrameworksBuildPhase section */
		5AC17CEC00CFC7FE948E6112 /* Frameworks */ = {
			isa = PBXFrameworksBuildPhase;
			buildActionMask = 2147483647;
			files = (
			);
			runOnlyForDeploymentPostprocessing = 0;
		};
/* End PBXFrameworksBuildPhase section */

/* Begin PBXGroup section */
		5AC1711215C81D6EC7B27091 = {
			isa = PBXGroup;
			children = (
				5AC17C6188261B49A95FF527 /* Products */,
				5AC179372178F78302F3605E /* OmegaPhoto */,
				5AC17E8951473DE6D5FDB86F /* Source */,
			);
			sourceTree = "<group>";
		};
		5AC172F59518AE02EA8FE1EE /* Supporting Files */ = {
			isa = PBXGroup;
			children = (
			);
			name = "Supporting Files";
			sourceTree = "<group>";
		};
		5AC179372178F78302F3605E /* OmegaPhoto */ = {
			isa = PBXGroup;
			children = (
				6414480B1D4ECE0500F6B6AB /* iCloud@2x.png */,
				5AC17393228B610742C07293 /* Info.plist */,
				5AC17F47063DDB12F22EB087 /* Assets.xcassets */,
				5AC17696AC6F36C9CA05C700 /* LaunchScreen.storyboard */,
				5AC172F59518AE02EA8FE1EE /* Supporting Files */,
			);
			path = OmegaPhoto;
			sourceTree = "<group>";
		};
		5AC17C6188261B49A95FF527 /* Products */ = {
			isa = PBXGroup;
			children = (
				5AC172067BA181B712C5009A /* OmegaPhoto.app */,
			);
			name = Products;
			sourceTree = "<group>";
		};
		5AC17E8951473DE6D5FDB86F /* Source */ = {
			isa = PBXGroup;
			children = (
				5AC17BD98D9DC38513045023 /* AppDelegate.h */,
				5AC1706083C1A75330A4B980 /* AppDelegate.m */,
				6401F5D21D4C11B2008DF96C /* Precompile.pch */,
				641448101D4F902700F6B6AB /* Test.h */,
				641448111D4F902700F6B6AB /* Test.m */,
				641448131D4F996300F6B6AB /* ThumbnailRowView.h */,
				641448141D4F996300F6B6AB /* ThumbnailRowView.m */,
				6414480D1D4F176C00F6B6AB /* ThumbnailView.h */,
				6414480E1D4F176C00F6B6AB /* ThumbnailView.m */,
				5AC17C3448809CAF3A9B0831 /* ViewController.h */,
				5AC1778BC5A786E3A12654E5 /* ViewController.m */,
				641448161D5031D900F6B6AB /* GridView.h */,
				641448171D5031D900F6B6AB /* GridView.m */,
			);
			path = Source;
			sourceTree = "<group>";
		};
/* End PBXGroup section */

/* Begin PBXNativeTarget section */
		5AC177B19236AE63FCD7C9A1 /* OmegaPhoto */ = {
			isa = PBXNativeTarget;
			buildConfigurationList = 5AC179C0C5D5B2D8370AA05F /* Build configuration list for PBXNativeTarget "OmegaPhoto" */;
			buildPhases = (
				5AC172CA64BE96B02A9954EF /* Sources */,
				5AC17CEC00CFC7FE948E6112 /* Frameworks */,
				5AC1770BC7058B4D9EC375D7 /* Resources */,
			);
			buildRules = (
			);
			dependencies = (
			);
			name = OmegaPhoto;
			productName = OmegaPhoto;
			productReference = 5AC172067BA181B712C5009A /* OmegaPhoto.app */;
			productType = "com.apple.product-type.application";
		};
/* End PBXNativeTarget section */

/* Begin PBXProject section */
		5AC17171D3C93C8960420A32 /* Project object */ = {
			isa = PBXProject;
			attributes = {
				ORGANIZATIONNAME = "Bretton.Wade@gmail.com";
				TargetAttributes = {
					5AC177B19236AE63FCD7C9A1 = {
						DevelopmentTeam = Z99WWQFGP8;
					};
				};
			};
			buildConfigurationList = 5AC1797F2A5258BEA6DAE094 /* Build configuration list for PBXProject "OmegaPhoto" */;
			compatibilityVersion = "Xcode 3.2";
			developmentRegion = English;
			hasScannedForEncodings = 0;
			knownRegions = (
				en,
			);
			mainGroup = 5AC1711215C81D6EC7B27091;
			productRefGroup = 5AC17C6188261B49A95FF527 /* Products */;
			projectDirPath = "";
			projectRoot = "";
			targets = (
				5AC177B19236AE63FCD7C9A1 /* OmegaPhoto */,
			);
		};
/* End PBXProject section */

/* Begin PBXResourcesBuildPhase section */
		5AC1770BC7058B4D9EC375D7 /* Resources */ = {
			isa = PBXResourcesBuildPhase;
			buildActionMask = 2147483647;
			files = (
				6414480C1D4ECE0500F6B6AB /* iCloud@2x.png in Resources */,
				5AC179E23649081DE9CEFBA6 /* Assets.xcassets in Resources */,
				5AC178DA3FE406A7F373A7D4 /* LaunchScreen.storyboard in Resources */,
			);
			runOnlyForDeploymentPostprocessing = 0;
		};
/* End PBXResourcesBuildPhase section */

/* Begin PBXSourcesBuildPhase section */
		5AC172CA64BE96B02A9954EF /* Sources */ = {
			isa = PBXSourcesBuildPhase;
			buildActionMask = 2147483647;
			files = (
				6414480F1D4F176C00F6B6AB /* ThumbnailView.m in Sources */,
				641448121D4F902700F6B6AB /* Test.m in Sources */,
				5AC17D08EC79084910A24403 /* AppDelegate.m in Sources */,
				5AC17756D5FE8E04BA6816D2 /* ViewController.m in Sources */,
				641448181D5031D900F6B6AB /* GridView.m in Sources */,
				641448151D4F996300F6B6AB /* ThumbnailRowView.m in Sources */,
			);
			runOnlyForDeploymentPostprocessing = 0;
		};
/* End PBXSourcesBuildPhase section */

/* Begin PBXVariantGroup section */
		5AC17696AC6F36C9CA05C700 /* LaunchScreen.storyboard */ = {
			isa = PBXVariantGroup;
			children = (
				5AC17CF29C926928041417A8 /* Base */,
			);
			name = LaunchScreen.storyboard;
			sourceTree = "<group>";
		};
/* End PBXVariantGroup section */

/* Begin XCBuildConfiguration section */
		5AC17452297BAC4E1B96FD15 /* Release */ = {
			isa = XCBuildConfiguration;
			buildSettings = {
				ASSETCATALOG_COMPILER_APPICON_NAME = AppIcon;
				CODE_SIGN_IDENTITY = "iPhone Developer";
				GCC_PRECOMPILE_PREFIX_HEADER = YES;
				GCC_PREFIX_HEADER = Source/Precompile.pch;
				INFOPLIST_FILE = OmegaPhoto/Info.plist;
				LD_RUNPATH_SEARCH_PATHS = "$(inherited) @executable_path/Frameworks";
				PRODUCT_BUNDLE_IDENTIFIER = com.brettonw.OmegaPhoto;
				PRODUCT_NAME = "$(TARGET_NAME)";
			};
			name = Release;
		};
		5AC174AE5D879980EE2320BB /* Debug */ = {
			isa = XCBuildConfiguration;
			buildSettings = {
				ALWAYS_SEARCH_USER_PATHS = NO;
				CLANG_ANALYZER_NONNULL = YES;
				CLANG_CXX_LANGUAGE_STANDARD = "gnu++0x";
				CLANG_CXX_LIBRARY = "libc++";
				CLANG_ENABLE_MODULES = YES;
				CLANG_ENABLE_OBJC_ARC = YES;
				CLANG_WARN_BOOL_CONVERSION = YES;
				CLANG_WARN_CONSTANT_CONVERSION = YES;
				CLANG_WARN_DIRECT_OBJC_ISA_USAGE = YES_ERROR;
				CLANG_WARN_EMPTY_BODY = YES;
				CLANG_WARN_ENUM_CONVERSION = YES;
				CLANG_WARN_INT_CONVERSION = YES;
				CLANG_WARN_OBJC_ROOT_CLASS = YES_ERROR;
				CLANG_WARN_UNREACHABLE_CODE = YES;
				CLANG_WARN__DUPLICATE_METHOD_MATCH = YES;
				"CODE_SIGN_IDENTITY[sdk=iphoneos*]" = "iPhone Developer";
				COPY_PHASE_STRIP = NO;
				DEBUG_INFORMATION_FORMAT = dwarf;
				ENABLE_STRICT_OBJC_MSGSEND = YES;
				ENABLE_TESTABILITY = YES;
				GCC_C_LANGUAGE_STANDARD = gnu99;
				GCC_DYNAMIC_NO_PIC = NO;
				GCC_NO_COMMON_BLOCKS = YES;
				GCC_OPTIMIZATION_LEVEL = 0;
				GCC_PREPROCESSOR_DEFINITIONS = (
					"DEBUG=1",
					"$(inherited)",
				);
				GCC_WARN_64_TO_32_BIT_CONVERSION = YES;
				GCC_WARN_ABOUT_RETURN_TYPE = YES_ERROR;
				GCC_WARN_UNDECLARED_SELECTOR = YES;
				GCC_WARN_UNINITIALIZED_AUTOS = YES_AGGRESSIVE;
				GCC_WARN_UNUSED_FUNCTION = YES;
				GCC_WARN_UNUSED_VARIABLE = YES;
				IPHONEOS_DEPLOYMENT_TARGET = 9.3;
				MTL_ENABLE_DEBUG_INFO = YES;
				ONLY_ACTIVE_ARCH = YES;
				SDKROOT = iphoneos;
				TARGETED_DEVICE_FAMILY = "1,2";
			};
			name = Debug;
		};
		5AC177A8F193362F9CA86C83 /* Release */ = {
			isa = XCBuildConfiguration;
			buildSettings = {
				ALWAYS_SEARCH_USER_PATHS = NO;
				CLANG_ANALYZER_NONNULL = YES;
				CLANG_CXX_LANGUAGE_STANDARD = "gnu++0x";
				CLANG_CXX_LIBRARY = "libc++";
				CLANG_ENABLE_MODULES = YES;
				CLANG_ENABLE_OBJC_ARC = YES;
				CLANG_WARN_BOOL_CONVERSION = YES;
				CLANG_WARN_CONSTANT_CONVERSION = YES;
				CLANG_WARN_DIRECT_OBJC_ISA_USAGE = YES_ERROR;
				CLANG_WARN_EMPTY_BODY = YES;
				CLANG_WARN_ENUM_CONVERSION = YES;
				CLANG_WARN_INT_CONVERSION = YES;
				CLANG_WARN_OBJC_ROOT_CLASS = YES_ERROR;
				CLANG_WARN_UNREACHABLE_CODE = YES;
				CLANG_WARN__DUPLICATE_METHOD_MATCH = YES;
				"CODE_SIGN_IDENTITY[sdk=iphoneos*]" = "iPhone Developer";
				COPY_PHASE_STRIP = NO;
				DEBUG_INFORMATION_FORMAT = "dwarf-with-dsym";
				ENABLE_NS_ASSERTIONS = NO;
				ENABLE_STRICT_OBJC_MSGSEND = YES;
				GCC_C_LANGUAGE_STANDARD = gnu99;
				GCC_NO_COMMON_BLOCKS = YES;
				GCC_WARN_64_TO_32_BIT_CONVERSION = YES;
				GCC_WARN_ABOUT_RETURN_TYPE = YES_ERROR;
				GCC_WARN_UNDECLARED_SELECTOR = YES;
				GCC_WARN_UNINITIALIZED_AUTOS = YES_AGGRESSIVE;
				GCC_WARN_UNUSED_FUNCTION = YES;
				GCC_WARN_UNUSED_VARIABLE = YES;
				IPHONEOS_DEPLOYMENT_TARGET = 9.3;
				MTL_ENABLE_DEBUG_INFO = NO;
				SDKROOT = iphoneos;
				TARGETED_DEVICE_FAMILY = "1,2";
				VALIDATE_PRODUCT = YES;
			};
			name = Release;
		};
		5AC17A63C16ADC9C1955E1B4 /* Debug */ = {
			isa = XCBuildConfiguration;
			buildSettings = {
				ASSETCATALOG_COMPILER_APPICON_NAME = AppIcon;
				CODE_SIGN_IDENTITY = "iPhone Developer";
				GCC_PRECOMPILE_PREFIX_HEADER = YES;
				GCC_PREFIX_HEADER = Source/Precompile.pch;
				INFOPLIST_FILE = OmegaPhoto/Info.plist;
				LD_RUNPATH_SEARCH_PATHS = "$(inherited) @executable_path/Frameworks";
				PRODUCT_BUNDLE_IDENTIFIER = com.brettonw.OmegaPhoto;
				PRODUCT_NAME = "$(TARGET_NAME)";
			};
			name = Debug;
		};
/* End XCBuildConfiguration section */

/* Begin XCConfigurationList section */
		5AC1797F2A5258BEA6DAE094 /* Build configuration list for PBXProject "OmegaPhoto" */ = {
			isa = XCConfigurationList;
			buildConfigurations = (
				5AC174AE5D879980EE2320BB /* Debug */,
				5AC177A8F193362F9CA86C83 /* Release */,
			);
			defaultConfigurationIsVisible = 0;
			defaultConfigurationName = Release;
		};
		5AC179C0C5D5B2D8370AA05F /* Build configuration list for PBXNativeTarget "OmegaPhoto" */ = {
			isa = XCConfigurationList;
			buildConfigurations = (
				5AC17A63C16ADC9C1955E1B4 /* Debug */,
				5AC17452297BAC4E1B96FD15 /* Release */,
			);
			defaultConfigurationIsVisible = 0;
			defaultConfigurationName = Release;
		};
/* End XCConfigurationList section */
	};
	rootObject = 5AC17171D3C93C8960420A32 /* Project object */;
}
